
Microsoft Visual Studio Solution File, Format Version 12.00
# Visual Studio Version 17
VisualStudioVersion = 17.4.33213.308
MinimumVisualStudioVersion = 10.0.40219.1
Project("{FAE04EC0-301F-11D3-BF4B-00C04F79EFBC}") = "Hurricane", "Hurricane\Hurricane.csproj", "{C3754A4E-7E02-4208-85C6-E1291DE22F9F}"
	ProjectSection(ProjectDependencies) = postProject
		{4E1B7B9C-BA38-4F13-A17A-21178907A6A3} = {4E1B7B9C-BA38-4F13-A17A-21178907A6A3}
	EndProjectSection
EndProject
Project("{FAE04EC0-301F-11D3-BF4B-00C04F79EFBC}") = "HurricaneCore", "HurricaneCore\HurricaneCore.csproj", "{4E1B7B9C-BA38-4F13-A17A-21178907A6A3}"
EndProject
Global
	GlobalSection(SolutionConfigurationPlatforms) = preSolution
		Debug|Any CPU = Debug|Any CPU
		Release|Any CPU = Release|Any CPU
	EndGlobalSection
	GlobalSection(ProjectConfigurationPlatforms) = postSolution
		{C3754A4E-7E02-4208-85C6-E1291DE22F9F}.Debug|Any CPU.ActiveCfg = Debug|Any CPU
		{C3754A4E-7E02-4208-85C6-E1291DE22F9F}.Debug|Any CPU.Build.0 = Debug|Any CPU
		{C3754A4E-7E02-4208-85C6-E1291DE22F9F}.Release|Any CPU.ActiveCfg = Release|Any CPU
		{C3754A4E-7E02-4208-85C6-E1291DE22F9F}.Release|Any CPU.Build.0 = Release|Any CPU
		{4E1B7B9C-BA38-4F13-A17A-21178907A6A3}.Debug|Any CPU.ActiveCfg = Debug|Any CPU
		{4E1B7B9C-BA38-4F13-A17A-21178907A6A3}.Debug|Any CPU.Build.0 = Debug|Any CPU
		{4E1B7B9C-BA38-4F13-A17A-21178907A6A3}.Release|Any CPU.ActiveCfg = Release|Any CPU
		{4E1B7B9C-BA38-4F13-A17A-21178907A6A3}.Release|Any CPU.Build.0 = Release|Any CPU
	EndGlobalSection
	GlobalSection(SolutionProperties) = preSolution
		HideSolutionNode = FALSE
	EndGlobalSection
	GlobalSection(ExtensibilityGlobals) = postSolution
		SolutionGuid = {AE7B5736-6A30-49A8-8E48-4181D5F33172}
	EndGlobalSection
EndGlobal
